{
	"name": "apify-schema",
	"version": "1.0.0",
	"lockfileVersion": 3,
	"requires": true,
	"packages": {
		"": {
			"name": "apify-schema",
			"version": "1.0.0",
			"license": "ISC",
			"dependencies": {
				"@types/typescript": "^2.0.0",
				"arktype": "^1.0.29-alpha",
				"commander": "^12.0.0",
				"typescript": "^5.3.3",
				"zod": "^3.22.4"
			}
		},
		"node_modules/@types/typescript": {
			"version": "2.0.0",
			"resolved": "https://registry.npmjs.org/@types/typescript/-/typescript-2.0.0.tgz",
			"integrity": "sha512-WMEWfMISiJ2QKyk5/dSdgL0ZwP//PZj0jmDU0hMh51FmLq4WIYzjlngsUQZXejQL+QtkXJUOGjb3G3UCvgZuSQ==",
			"deprecated": "This is a stub types definition for TypeScript (https://github.com/Microsoft/TypeScript). TypeScript provides its own type definitions, so you don't need @types/typescript installed!",
			"dependencies": {
				"typescript": "*"
			}
		},
		"node_modules/arktype": {
			"version": "1.0.29-alpha",
			"resolved": "https://registry.npmjs.org/arktype/-/arktype-1.0.29-alpha.tgz",
			"integrity": "sha512-glMLgVhIQRSkR3tymiS+POAcWVJH09sfrgic0jHnyFL8BlhHAJZX2BzdImU9zYr1y9NBqy+U93ZNrRTHXsKRDw=="
		},
		"node_modules/commander": {
			"version": "12.0.0",
			"resolved": "https://registry.npmjs.org/commander/-/commander-12.0.0.tgz",
			"integrity": "sha512-MwVNWlYjDTtOjX5PiD7o5pK0UrFU/OYgcJfjjK4RaHZETNtjJqrZa9Y9ds88+A+f+d5lv+561eZ+yCKoS3gbAA==",
			"engines": {
				"node": ">=18"
			}
		},
		"node_modules/typescript": {
			"version": "5.3.3",
			"resolved": "https://registry.npmjs.org/typescript/-/typescript-5.3.3.tgz",
			"integrity": "sha512-pXWcraxM0uxAS+tN0AG/BF2TyqmHO014Z070UsJ+pFvYuRSq8KH8DmWpnbXe0pEPDHXZV3FcAbJkijJ5oNEnWw==",
			"bin": {
				"tsc": "bin/tsc",
				"tsserver": "bin/tsserver"
			},
			"engines": {
				"node": ">=14.17"
			}
		},
		"node_modules/zod": {
			"version": "3.22.4",
			"resolved": "https://registry.npmjs.org/zod/-/zod-3.22.4.tgz",
			"integrity": "sha512-iC+8Io04lddc+mVqQ9AZ7OQ2MrUKGN+oIQyq1vemgt46jwCwLfhq7/pwnBnNXXXZb8VTVLKwp9EDkx+ryxIWmg==",
			"funding": {
				"url": "https://github.com/sponsors/colinhacks"
			}
		}
	}
}
